Microsoft Visual Studio Solution File, Format Version 12.00
# Visual Studio Version 17
VisualStudioVersion = 17.5.2.0
MinimumVisualStudioVersion = 10.0.40219.1
Project("{FAE04EC0-301F-11D3-BF4B-00C04F79EFBC}") = "ExamBackend", "ExamBackend.csproj", "{5B224EBC-08B3-5628-4509-9BB7F64E4918}"
EndProject
Global
	GlobalSection(SolutionConfigurationPlatforms) = preSolution
		Debug|Any CPU = Debug|Any CPU
		Release|Any CPU = Release|Any CPU
	EndGlobalSection
	GlobalSection(ProjectConfigurationPlatforms) = postSolution
		{5B224EBC-08B3-5628-4509-9BB7F64E4918}.Debug|Any CPU.ActiveCfg = Debug|Any CPU
		{5B224EBC-08B3-5628-4509-9BB7F64E4918}.Debug|Any CPU.Build.0 = Debug|Any CPU
		{5B224EBC-08B3-5628-4509-9BB7F64E4918}.Release|Any CPU.ActiveCfg = Release|Any CPU
		{5B224EBC-08B3-5628-4509-9BB7F64E4918}.Release|Any CPU.Build.0 = Release|Any CPU
	EndGlobalSection
	GlobalSection(SolutionProperties) = preSolution
		HideSolutionNode = FALSE
	EndGlobalSection
	GlobalSection(ExtensibilityGlobals) = postSolution
		SolutionGuid = {8A61D8EB-53C5-45C1-BB5A-6460C3166C98}
	EndGlobalSection
EndGlobal
